
Microsoft Visual Studio Solution File, Format Version 12.00
# Visual Studio Version 17
VisualStudioVersion = 17.11.35222.181
MinimumVisualStudioVersion = 10.0.40219.1
Project("{FAE04EC0-301F-11D3-BF4B-00C04F79EFBC}") = "Punto1", "Diagnostico\Punto1.csproj", "{EC8F1088-0B50-4FE9-8D38-9F7EF51C824E}"
EndProject
Project("{FAE04EC0-301F-11D3-BF4B-00C04F79EFBC}") = "Punto2", "Punto2\Punto2.csproj", "{802B26C0-687B-47FE-AC83-C4351ACD1BDF}"
EndProject
Project("{FAE04EC0-301F-11D3-BF4B-00C04F79EFBC}") = "Punto3", "Punto3\Punto3.csproj", "{27AB72A8-43A1-4371-9042-D9AA94B67018}"
EndProject
Project("{FAE04EC0-301F-11D3-BF4B-00C04F79EFBC}") = "Punto4", "Punto4\Punto4.csproj", "{A6827628-C7FC-4E07-8AA4-93B0C8CEF51F}"
EndProject
Project("{FAE04EC0-301F-11D3-BF4B-00C04F79EFBC}") = "Punto5", "Punto5\Punto5.csproj", "{1AD7FAEE-4B45-4169-B19C-A06A7AE591C5}"
EndProject
Project("{FAE04EC0-301F-11D3-BF4B-00C04F79EFBC}") = "Punto6", "Punto6\Punto6.csproj", "{5A3DCED7-52F5-48D5-A7BA-03F9E64E2ED3}"
EndProject
Project("{FAE04EC0-301F-11D3-BF4B-00C04F79EFBC}") = "Punto7", "Punto7\Punto7.csproj", "{91CCEA34-8FE1-456B-AE65-6DD86581B67C}"
EndProject
Project("{FAE04EC0-301F-11D3-BF4B-00C04F79EFBC}") = "Punto8", "Punto8\Punto8.csproj", "{1D8BC532-9636-4CCA-B1C2-B7FC2F004C22}"
EndProject
Global
	GlobalSection(SolutionConfigurationPlatforms) = preSolution
		Debug|Any CPU = Debug|Any CPU
		Release|Any CPU = Release|Any CPU
	EndGlobalSection
	GlobalSection(ProjectConfigurationPlatforms) = postSolution
		{EC8F1088-0B50-4FE9-8D38-9F7EF51C824E}.Debug|Any CPU.ActiveCfg = Debug|Any CPU
		{EC8F1088-0B50-4FE9-8D38-9F7EF51C824E}.Debug|Any CPU.Build.0 = Debug|Any CPU
		{EC8F1088-0B50-4FE9-8D38-9F7EF51C824E}.Release|Any CPU.ActiveCfg = Release|Any CPU
		{EC8F1088-0B50-4FE9-8D38-9F7EF51C824E}.Release|Any CPU.Build.0 = Release|Any CPU
		{802B26C0-687B-47FE-AC83-C4351ACD1BDF}.Debug|Any CPU.ActiveCfg = Debug|Any CPU
		{802B26C0-687B-47FE-AC83-C4351ACD1BDF}.Debug|Any CPU.Build.0 = Debug|Any CPU
		{802B26C0-687B-47FE-AC83-C4351ACD1BDF}.Release|Any CPU.ActiveCfg = Release|Any CPU
		{802B26C0-687B-47FE-AC83-C4351ACD1BDF}.Release|Any CPU.Build.0 = Release|Any CPU
		{27AB72A8-43A1-4371-9042-D9AA94B67018}.Debug|Any CPU.ActiveCfg = Debug|Any CPU
		{27AB72A8-43A1-4371-9042-D9AA94B67018}.Debug|Any CPU.Build.0 = Debug|Any CPU
		{27AB72A8-43A1-4371-9042-D9AA94B67018}.Release|Any CPU.ActiveCfg = Release|Any CPU
		{27AB72A8-43A1-4371-9042-D9AA94B67018}.Release|Any CPU.Build.0 = Release|Any CPU
		{A6827628-C7FC-4E07-8AA4-93B0C8CEF51F}.Debug|Any CPU.ActiveCfg = Debug|Any CPU
		{A6827628-C7FC-4E07-8AA4-93B0C8CEF51F}.Debug|Any CPU.Build.0 = Debug|Any CPU
		{A6827628-C7FC-4E07-8AA4-93B0C8CEF51F}.Release|Any CPU.ActiveCfg = Release|Any CPU
		{A6827628-C7FC-4E07-8AA4-93B0C8CEF51F}.Release|Any CPU.Build.0 = Release|Any CPU
		{1AD7FAEE-4B45-4169-B19C-A06A7AE591C5}.Debug|Any CPU.ActiveCfg = Debug|Any CPU
		{1AD7FAEE-4B45-4169-B19C-A06A7AE591C5}.Debug|Any CPU.Build.0 = Debug|Any CPU
		{1AD7FAEE-4B45-4169-B19C-A06A7AE591C5}.Release|Any CPU.ActiveCfg = Release|Any CPU
		{1AD7FAEE-4B45-4169-B19C-A06A7AE591C5}.Release|Any CPU.Build.0 = Release|Any CPU
		{5A3DCED7-52F5-48D5-A7BA-03F9E64E2ED3}.Debug|Any CPU.ActiveCfg = Debug|Any CPU
		{5A3DCED7-52F5-48D5-A7BA-03F9E64E2ED3}.Debug|Any CPU.Build.0 = Debug|Any CPU
		{5A3DCED7-52F5-48D5-A7BA-03F9E64E2ED3}.Release|Any CPU.ActiveCfg = Release|Any CPU
		{5A3DCED7-52F5-48D5-A7BA-03F9E64E2ED3}.Release|Any CPU.Build.0 = Release|Any CPU
		{91CCEA34-8FE1-456B-AE65-6DD86581B67C}.Debug|Any CPU.ActiveCfg = Debug|Any CPU
		{91CCEA34-8FE1-456B-AE65-6DD86581B67C}.Debug|Any CPU.Build.0 = Debug|Any CPU
		{91CCEA34-8FE1-456B-AE65-6DD86581B67C}.Release|Any CPU.ActiveCfg = Release|Any CPU
		{91CCEA34-8FE1-456B-AE65-6DD86581B67C}.Release|Any CPU.Build.0 = Release|Any CPU
		{1D8BC532-9636-4CCA-B1C2-B7FC2F004C22}.Debug|Any CPU.ActiveCfg = Debug|Any CPU
		{1D8BC532-9636-4CCA-B1C2-B7FC2F004C22}.Debug|Any CPU.Build.0 = Debug|Any CPU
		{1D8BC532-9636-4CCA-B1C2-B7FC2F004C22}.Release|Any CPU.ActiveCfg = Release|Any CPU
		{1D8BC532-9636-4CCA-B1C2-B7FC2F004C22}.Release|Any CPU.Build.0 = Release|Any CPU
	EndGlobalSection
	GlobalSection(SolutionProperties) = preSolution
		HideSolutionNode = FALSE
	EndGlobalSection
	GlobalSection(ExtensibilityGlobals) = postSolution
		SolutionGuid = {5AF0330E-1A85-400B-B9D1-FDA0209CF794}
	EndGlobalSection
EndGlobal
